
Microsoft Visual Studio Solution File, Format Version 12.00
# Visual Studio Version 17
VisualStudioVersion = 17.7.34031.279
MinimumVisualStudioVersion = 10.0.40219.1
Project("{9A19103F-16F7-4668-BE54-9A1E7A4F7556}") = "Sube2.HelloMvc", "Sube2.HelloMvc\Sube2.HelloMvc.csproj", "{303F8408-3A5B-45C5-96F4-245FE70A2B8A}"
EndProject
Project("{FAE04EC0-301F-11D3-BF4B-00C04F79EFBC}") = "DI_App", "DI_App\DI_App.csproj", "{26A4CD54-F110-4C12-B9BE-D80EE9911743}"
EndProject
Global
	GlobalSection(SolutionConfigurationPlatforms) = preSolution
		Debug|Any CPU = Debug|Any CPU
		Release|Any CPU = Release|Any CPU
	EndGlobalSection
	GlobalSection(ProjectConfigurationPlatforms) = postSolution
		{303F8408-3A5B-45C5-96F4-245FE70A2B8A}.Debug|Any CPU.ActiveCfg = Debug|Any CPU
		{303F8408-3A5B-45C5-96F4-245FE70A2B8A}.Debug|Any CPU.Build.0 = Debug|Any CPU
		{303F8408-3A5B-45C5-96F4-245FE70A2B8A}.Release|Any CPU.ActiveCfg = Release|Any CPU
		{303F8408-3A5B-45C5-96F4-245FE70A2B8A}.Release|Any CPU.Build.0 = Release|Any CPU
		{26A4CD54-F110-4C12-B9BE-D80EE9911743}.Debug|Any CPU.ActiveCfg = Debug|Any CPU
		{26A4CD54-F110-4C12-B9BE-D80EE9911743}.Debug|Any CPU.Build.0 = Debug|Any CPU
		{26A4CD54-F110-4C12-B9BE-D80EE9911743}.Release|Any CPU.ActiveCfg = Release|Any CPU
		{26A4CD54-F110-4C12-B9BE-D80EE9911743}.Release|Any CPU.Build.0 = Release|Any CPU
	EndGlobalSection
	GlobalSection(SolutionProperties) = preSolution
		HideSolutionNode = FALSE
	EndGlobalSection
	GlobalSection(ExtensibilityGlobals) = postSolution
		SolutionGuid = {AA178BBF-78BA-4D9E-9DFB-71DBDA727BC5}
	EndGlobalSection
EndGlobal
